
Microsoft Visual Studio Solution File, Format Version 12.00
# Visual Studio 14
VisualStudioVersion = 14.0.23107.0
MinimumVisualStudioVersion = 10.0.40219.1
Project("{FAE04EC0-301F-11D3-BF4B-00C04F79EFBC}") = "WebApplication111", "WebApplication111\WebApplication111.csproj", "{787D80FC-B664-48E2-96C6-F072E55F0240}"
EndProject
Project("{FAE04EC0-301F-11D3-BF4B-00C04F79EFBC}") = "WebApplication111.Tests", "WebApplication111.Tests\WebApplication111.Tests.csproj", "{5E2BE0DA-2936-48F0-AB39-0DAD6E07152D}"
EndProject
Global
	GlobalSection(SolutionConfigurationPlatforms) = preSolution
		Debug|Any CPU = Debug|Any CPU
		Release|Any CPU = Release|Any CPU
	EndGlobalSection
	GlobalSection(ProjectConfigurationPlatforms) = postSolution
		{787D80FC-B664-48E2-96C6-F072E55F0240}.Debug|Any CPU.ActiveCfg = Debug|Any CPU
		{787D80FC-B664-48E2-96C6-F072E55F0240}.Debug|Any CPU.Build.0 = Debug|Any CPU
		{787D80FC-B664-48E2-96C6-F072E55F0240}.Release|Any CPU.ActiveCfg = Release|Any CPU
		{787D80FC-B664-48E2-96C6-F072E55F0240}.Release|Any CPU.Build.0 = Release|Any CPU
		{5E2BE0DA-2936-48F0-AB39-0DAD6E07152D}.Debug|Any CPU.ActiveCfg = Debug|Any CPU
		{5E2BE0DA-2936-48F0-AB39-0DAD6E07152D}.Debug|Any CPU.Build.0 = Debug|Any CPU
		{5E2BE0DA-2936-48F0-AB39-0DAD6E07152D}.Release|Any CPU.ActiveCfg = Release|Any CPU
		{5E2BE0DA-2936-48F0-AB39-0DAD6E07152D}.Release|Any CPU.Build.0 = Release|Any CPU
	EndGlobalSection
	GlobalSection(SolutionProperties) = preSolution
		HideSolutionNode = FALSE
	EndGlobalSection
EndGlobal
